
Microsoft Visual Studio Solution File, Format Version 12.00
# Visual Studio Version 17
VisualStudioVersion = 17.10.35013.160
MinimumVisualStudioVersion = 10.0.40219.1
Project("{FAE04EC0-301F-11D3-BF4B-00C04F79EFBC}") = "RainfallApi", "RainfallApi\RainfallApi.csproj", "{88FED8F9-5FAC-49CF-8253-674586916C0A}"
EndProject
Global
	GlobalSection(SolutionConfigurationPlatforms) = preSolution
		Debug|Any CPU = Debug|Any CPU
		Release|Any CPU = Release|Any CPU
	EndGlobalSection
	GlobalSection(ProjectConfigurationPlatforms) = postSolution
		{88FED8F9-5FAC-49CF-8253-674586916C0A}.Debug|Any CPU.ActiveCfg = Debug|Any CPU
		{88FED8F9-5FAC-49CF-8253-674586916C0A}.Debug|Any CPU.Build.0 = Debug|Any CPU
		{88FED8F9-5FAC-49CF-8253-674586916C0A}.Release|Any CPU.ActiveCfg = Release|Any CPU
		{88FED8F9-5FAC-49CF-8253-674586916C0A}.Release|Any CPU.Build.0 = Release|Any CPU
	EndGlobalSection
	GlobalSection(SolutionProperties) = preSolution
		HideSolutionNode = FALSE
	EndGlobalSection
	GlobalSection(ExtensibilityGlobals) = postSolution
		SolutionGuid = {644D2240-C6A4-4E45-87FB-B0C2B3707A1F}
	EndGlobalSection
EndGlobal
